// !$*UTF8*$!
{
	archiveVersion = 1;
	classes = {
	};
	objectVersion = 55;
	objects = {

/* Begin PBXBuildFile section */
		7650715A280EBC5200D737D1 /* CoreDataRelation.swift in Sources */ = {isa = PBXBuildFile; fileRef = 76507159280EBC5200D737D1 /* CoreDataRelation.swift */; };
		7650715D280EBE9400D737D1 /* CoreDataContainer.xcdatamodeld in Sources */ = {isa = PBXBuildFile; fileRef = 7650715B280EBE9400D737D1 /* CoreDataContainer.xcdatamodeld */; };
		7650715F281975A300D737D1 /* BackgroundThread.swift in Sources */ = {isa = PBXBuildFile; fileRef = 7650715E281975A300D737D1 /* BackgroundThread.swift */; };
		7650716128199B3F00D737D1 /* WeakSelf.swift in Sources */ = {isa = PBXBuildFile; fileRef = 7650716028199B3F00D737D1 /* WeakSelf.swift */; };
		76507163281AF7D300D737D1 /* Typealias.swift in Sources */ = {isa = PBXBuildFile; fileRef = 76507162281AF7D300D737D1 /* Typealias.swift */; };
		76507165281C043B00D737D1 /* Escaping.swift in Sources */ = {isa = PBXBuildFile; fileRef = 76507164281C043B00D737D1 /* Escaping.swift */; };
		76507167281F0D8800D737D1 /* CodableProtocol.swift in Sources */ = {isa = PBXBuildFile; fileRef = 76507166281F0D8800D737D1 /* CodableProtocol.swift */; };
		76507169282057C700D737D1 /* DownloadWithEscaping.swift in Sources */ = {isa = PBXBuildFile; fileRef = 76507168282057C700D737D1 /* DownloadWithEscaping.swift */; };
		765071AD2822DEA500D737D1 /* DownloadWithCombine.swift in Sources */ = {isa = PBXBuildFile; fileRef = 765071AC2822DEA500D737D1 /* DownloadWithCombine.swift */; };
		765071B1282412DB00D737D1 /* Timers.swift in Sources */ = {isa = PBXBuildFile; fileRef = 765071B0282412DB00D737D1 /* Timers.swift */; };
		992E651D27F1B6EC00EF3324 /* SwiftUIProgressApp.swift in Sources */ = {isa = PBXBuildFile; fileRef = 992E651C27F1B6EC00EF3324 /* SwiftUIProgressApp.swift */; };
		992E651F27F1B6EC00EF3324 /* ContentView.swift in Sources */ = {isa = PBXBuildFile; fileRef = 992E651E27F1B6EC00EF3324 /* ContentView.swift */; };
		992E652127F1B6EF00EF3324 /* Assets.xcassets in Resources */ = {isa = PBXBuildFile; fileRef = 992E652027F1B6EF00EF3324 /* Assets.xcassets */; };
		992E652427F1B6EF00EF3324 /* Preview Assets.xcassets in Resources */ = {isa = PBXBuildFile; fileRef = 992E652327F1B6EF00EF3324 /* Preview Assets.xcassets */; };
		992E652B27F1B71000EF3324 /* LongPressGesture.swift in Sources */ = {isa = PBXBuildFile; fileRef = 992E652A27F1B71000EF3324 /* LongPressGesture.swift */; };
		992E652D27F1C54200EF3324 /* MagnificationGesture.swift in Sources */ = {isa = PBXBuildFile; fileRef = 992E652C27F1C54200EF3324 /* MagnificationGesture.swift */; };
		992E654D27F2344300EF3324 /* DragGestureView.swift in Sources */ = {isa = PBXBuildFile; fileRef = 992E654C27F2344300EF3324 /* DragGestureView.swift */; };
		992E654F27F331F100EF3324 /* DragGestureView2.swift in Sources */ = {isa = PBXBuildFile; fileRef = 992E654E27F331F100EF3324 /* DragGestureView2.swift */; };
		992E655127F36E2700EF3324 /* ScroolReaderView.swift in Sources */ = {isa = PBXBuildFile; fileRef = 992E655027F36E2700EF3324 /* ScroolReaderView.swift */; };
		992E655327F47D5F00EF3324 /* GeometryReaderView.swift in Sources */ = {isa = PBXBuildFile; fileRef = 992E655227F47D5F00EF3324 /* GeometryReaderView.swift */; };
		992E655527F4BB9E00EF3324 /* MultipleSheetsView.swift in Sources */ = {isa = PBXBuildFile; fileRef = 992E655427F4BB9D00EF3324 /* MultipleSheetsView.swift */; };
		9963CF6327F9B1E300110EA3 /* MaskView.swift in Sources */ = {isa = PBXBuildFile; fileRef = 9963CF6227F9B1E300110EA3 /* MaskView.swift */; };
		9963CF6527FB420F00110EA3 /* SoundsView.swift in Sources */ = {isa = PBXBuildFile; fileRef = 9963CF6427FB420F00110EA3 /* SoundsView.swift */; };
		9963CF6827FB4B3900110EA3 /* tada.mp3 in Resources */ = {isa = PBXBuildFile; fileRef = 9963CF6727FB4B3900110EA3 /* tada.mp3 */; };
		9963CF6A27FB4B4200110EA3 /* xylophone.mp3 in Resources */ = {isa = PBXBuildFile; fileRef = 9963CF6927FB4B4200110EA3 /* xylophone.mp3 */; };
		9963CF6C27FCB4B100110EA3 /* Haptics.swift in Sources */ = {isa = PBXBuildFile; fileRef = 9963CF6B27FCB4B100110EA3 /* Haptics.swift */; };
		9963CF6E28042E7B00110EA3 /* LocalNotification.swift in Sources */ = {isa = PBXBuildFile; fileRef = 9963CF6D28042E7B00110EA3 /* LocalNotification.swift */; };
		99FE559C2807006A001602E7 /* HashableView.swift in Sources */ = {isa = PBXBuildFile; fileRef = 99FE559B2807006A001602E7 /* HashableView.swift */; };
		99FE559E280721B2001602E7 /* Arrays.swift in Sources */ = {isa = PBXBuildFile; fileRef = 99FE559D280721B2001602E7 /* Arrays.swift */; };
/* End PBXBuildFile section */

/* Begin PBXFileReference section */
		76507159280EBC5200D737D1 /* CoreDataRelation.swift */ = {isa = PBXFileReference; lastKnownFileType = sourcecode.swift; path = CoreDataRelation.swift; sourceTree = "<group>"; };
		7650715C280EBE9400D737D1 /* CoreDataContainer.xcdatamodel */ = {isa = PBXFileReference; lastKnownFileType = wrapper.xcdatamodel; path = CoreDataContainer.xcdatamodel; sourceTree = "<group>"; };
		7650715E281975A300D737D1 /* BackgroundThread.swift */ = {isa = PBXFileReference; lastKnownFileType = sourcecode.swift; path = BackgroundThread.swift; sourceTree = "<group>"; };
		7650716028199B3F00D737D1 /* WeakSelf.swift */ = {isa = PBXFileReference; lastKnownFileType = sourcecode.swift; path = WeakSelf.swift; sourceTree = "<group>"; };
		76507162281AF7D300D737D1 /* Typealias.swift */ = {isa = PBXFileReference; lastKnownFileType = sourcecode.swift; path = Typealias.swift; sourceTree = "<group>"; };
		76507164281C043B00D737D1 /* Escaping.swift */ = {isa = PBXFileReference; lastKnownFileType = sourcecode.swift; path = Escaping.swift; sourceTree = "<group>"; };
		76507166281F0D8800D737D1 /* CodableProtocol.swift */ = {isa = PBXFileReference; lastKnownFileType = sourcecode.swift; path = CodableProtocol.swift; sourceTree = "<group>"; };
		76507168282057C700D737D1 /* DownloadWithEscaping.swift */ = {isa = PBXFileReference; lastKnownFileType = sourcecode.swift; path = DownloadWithEscaping.swift; sourceTree = "<group>"; };
		765071AC2822DEA500D737D1 /* DownloadWithCombine.swift */ = {isa = PBXFileReference; lastKnownFileType = sourcecode.swift; path = DownloadWithCombine.swift; sourceTree = "<group>"; };
		765071B0282412DB00D737D1 /* Timers.swift */ = {isa = PBXFileReference; lastKnownFileType = sourcecode.swift; path = Timers.swift; sourceTree = "<group>"; };
		992E651927F1B6EC00EF3324 /* SwiftUIProgress.app */ = {isa = PBXFileReference; explicitFileType = wrapper.application; includeInIndex = 0; path = SwiftUIProgress.app; sourceTree = BUILT_PRODUCTS_DIR; };
		992E651C27F1B6EC00EF3324 /* SwiftUIProgressApp.swift */ = {isa = PBXFileReference; lastKnownFileType = sourcecode.swift; path = SwiftUIProgressApp.swift; sourceTree = "<group>"; };
		992E651E27F1B6EC00EF3324 /* ContentView.swift */ = {isa = PBXFileReference; lastKnownFileType = sourcecode.swift; path = ContentView.swift; sourceTree = "<group>"; };
		992E652027F1B6EF00EF3324 /* Assets.xcassets */ = {isa = PBXFileReference; lastKnownFileType = folder.assetcatalog; path = Assets.xcassets; sourceTree = "<group>"; };
		992E652327F1B6EF00EF3324 /* Preview Assets.xcassets */ = {isa = PBXFileReference; lastKnownFileType = folder.assetcatalog; path = "Preview Assets.xcassets"; sourceTree = "<group>"; };
		992E652A27F1B71000EF3324 /* LongPressGesture.swift */ = {isa = PBXFileReference; lastKnownFileType = sourcecode.swift; path = LongPressGesture.swift; sourceTree = "<group>"; };
		992E652C27F1C54200EF3324 /* MagnificationGesture.swift */ = {isa = PBXFileReference; lastKnownFileType = sourcecode.swift; path = MagnificationGesture.swift; sourceTree = "<group>"; };
		992E654C27F2344300EF3324 /* DragGestureView.swift */ = {isa = PBXFileReference; lastKnownFileType = sourcecode.swift; path = DragGestureView.swift; sourceTree = "<group>"; };
		992E654E27F331F100EF3324 /* DragGestureView2.swift */ = {isa = PBXFileReference; lastKnownFileType = sourcecode.swift; path = DragGestureView2.swift; sourceTree = "<group>"; };
		992E655027F36E2700EF3324 /* ScroolReaderView.swift */ = {isa = PBXFileReference; lastKnownFileType = sourcecode.swift; path = ScroolReaderView.swift; sourceTree = "<group>"; };
		992E655227F47D5F00EF3324 /* GeometryReaderView.swift */ = {isa = PBXFileReference; lastKnownFileType = sourcecode.swift; path = GeometryReaderView.swift; sourceTree = "<group>"; };
		992E655427F4BB9D00EF3324 /* MultipleSheetsView.swift */ = {isa = PBXFileReference; lastKnownFileType = sourcecode.swift; path = MultipleSheetsView.swift; sourceTree = "<group>"; };
		9963CF6227F9B1E300110EA3 /* MaskView.swift */ = {isa = PBXFileReference; lastKnownFileType = sourcecode.swift; path = MaskView.swift; sourceTree = "<group>"; };
		9963CF6427FB420F00110EA3 /* SoundsView.swift */ = {isa = PBXFileReference; lastKnownFileType = sourcecode.swift; path = SoundsView.swift; sourceTree = "<group>"; };
		9963CF6727FB4B3900110EA3 /* tada.mp3 */ = {isa = PBXFileReference; lastKnownFileType = audio.mp3; path = tada.mp3; sourceTree = "<group>"; };
		9963CF6927FB4B4200110EA3 /* xylophone.mp3 */ = {isa = PBXFileReference; lastKnownFileType = audio.mp3; path = xylophone.mp3; sourceTree = "<group>"; };
		9963CF6B27FCB4B100110EA3 /* Haptics.swift */ = {isa = PBXFileReference; lastKnownFileType = sourcecode.swift; path = Haptics.swift; sourceTree = "<group>"; };
		9963CF6D28042E7B00110EA3 /* LocalNotification.swift */ = {isa = PBXFileReference; lastKnownFileType = sourcecode.swift; path = LocalNotification.swift; sourceTree = "<group>"; };
		99FE559B2807006A001602E7 /* HashableView.swift */ = {isa = PBXFileReference; lastKnownFileType = sourcecode.swift; path = HashableView.swift; sourceTree = "<group>"; };
		99FE559D280721B2001602E7 /* Arrays.swift */ = {isa = PBXFileReference; lastKnownFileType = sourcecode.swift; path = Arrays.swift; sourceTree = "<group>"; };
/* End PBXFileReference section */

/* Begin PBXFrameworksBuildPhase section */
		992E651627F1B6EC00EF3324 /* Frameworks */ = {
			isa = PBXFrameworksBuildPhase;
			buildActionMask = 2147483647;
			files = (
			);
			runOnlyForDeploymentPostprocessing = 0;
		};
/* End PBXFrameworksBuildPhase section */

/* Begin PBXGroup section */
		992E651027F1B6EC00EF3324 = {
			isa = PBXGroup;
			children = (
				992E651B27F1B6EC00EF3324 /* SwiftUIProgress */,
				992E651A27F1B6EC00EF3324 /* Products */,
			);
			sourceTree = "<group>";
		};
		992E651A27F1B6EC00EF3324 /* Products */ = {
			isa = PBXGroup;
			children = (
				992E651927F1B6EC00EF3324 /* SwiftUIProgress.app */,
			);
			name = Products;
			sourceTree = "<group>";
		};
		992E651B27F1B6EC00EF3324 /* SwiftUIProgress */ = {
			isa = PBXGroup;
			children = (
				992E651C27F1B6EC00EF3324 /* SwiftUIProgressApp.swift */,
				992E651E27F1B6EC00EF3324 /* ContentView.swift */,
				992E652A27F1B71000EF3324 /* LongPressGesture.swift */,
				992E652C27F1C54200EF3324 /* MagnificationGesture.swift */,
				992E654C27F2344300EF3324 /* DragGestureView.swift */,
				992E654E27F331F100EF3324 /* DragGestureView2.swift */,
				992E655027F36E2700EF3324 /* ScroolReaderView.swift */,
				992E655227F47D5F00EF3324 /* GeometryReaderView.swift */,
				992E655427F4BB9D00EF3324 /* MultipleSheetsView.swift */,
				9963CF6227F9B1E300110EA3 /* MaskView.swift */,
				9963CF6427FB420F00110EA3 /* SoundsView.swift */,
				9963CF6B27FCB4B100110EA3 /* Haptics.swift */,
				9963CF6D28042E7B00110EA3 /* LocalNotification.swift */,
				99FE559B2807006A001602E7 /* HashableView.swift */,
				99FE559D280721B2001602E7 /* Arrays.swift */,
				76507159280EBC5200D737D1 /* CoreDataRelation.swift */,
				7650715E281975A300D737D1 /* BackgroundThread.swift */,
				7650716028199B3F00D737D1 /* WeakSelf.swift */,
				76507162281AF7D300D737D1 /* Typealias.swift */,
				76507164281C043B00D737D1 /* Escaping.swift */,
				76507166281F0D8800D737D1 /* CodableProtocol.swift */,
				76507168282057C700D737D1 /* DownloadWithEscaping.swift */,
				765071AC2822DEA500D737D1 /* DownloadWithCombine.swift */,
				765071B0282412DB00D737D1 /* Timers.swift */,
				7650715B280EBE9400D737D1 /* CoreDataContainer.xcdatamodeld */,
				9963CF6627FB4B1B00110EA3 /* Sounds */,
				992E652027F1B6EF00EF3324 /* Assets.xcassets */,
				992E652227F1B6EF00EF3324 /* Preview Content */,
			);
			path = SwiftUIProgress;
			sourceTree = "<group>";
		};
		992E652227F1B6EF00EF3324 /* Preview Content */ = {
			isa = PBXGroup;
			children = (
				992E652327F1B6EF00EF3324 /* Preview Assets.xcassets */,
			);
			path = "Preview Content";
			sourceTree = "<group>";
		};
		9963CF6627FB4B1B00110EA3 /* Sounds */ = {
			isa = PBXGroup;
			children = (
				9963CF6927FB4B4200110EA3 /* xylophone.mp3 */,
				9963CF6727FB4B3900110EA3 /* tada.mp3 */,
			);
			path = Sounds;
			sourceTree = "<group>";
		};
/* End PBXGroup section */

/* Begin PBXNativeTarget section */
		992E651827F1B6EC00EF3324 /* SwiftUIProgress */ = {
			isa = PBXNativeTarget;
			buildConfigurationList = 992E652727F1B6EF00EF3324 /* Build configuration list for PBXNativeTarget "SwiftUIProgress" */;
			buildPhases = (
				992E651527F1B6EC00EF3324 /* Sources */,
				992E651627F1B6EC00EF3324 /* Frameworks */,
				992E651727F1B6EC00EF3324 /* Resources */,
			);
			buildRules = (
			);
			dependencies = (
			);
			name = SwiftUIProgress;
			productName = SwiftUIProgress;
			productReference = 992E651927F1B6EC00EF3324 /* SwiftUIProgress.app */;
			productType = "com.apple.product-type.application";
		};
/* End PBXNativeTarget section */

/* Begin PBXProject section */
		992E651127F1B6EC00EF3324 /* Project object */ = {
			isa = PBXProject;
			attributes = {
				BuildIndependentTargetsInParallel = 1;
				LastSwiftUpdateCheck = 1330;
				LastUpgradeCheck = 1330;
				TargetAttributes = {
					992E651827F1B6EC00EF3324 = {
						CreatedOnToolsVersion = 13.3;
					};
				};
			};
			buildConfigurationList = 992E651427F1B6EC00EF3324 /* Build configuration list for PBXProject "SwiftUIProgress" */;
			compatibilityVersion = "Xcode 13.0";
			developmentRegion = en;
			hasScannedForEncodings = 0;
			knownRegions = (
				en,
				Base,
			);
			mainGroup = 992E651027F1B6EC00EF3324;
			productRefGroup = 992E651A27F1B6EC00EF3324 /* Products */;
			projectDirPath = "";
			projectRoot = "";
			targets = (
				992E651827F1B6EC00EF3324 /* SwiftUIProgress */,
			);
		};
/* End PBXProject section */

/* Begin PBXResourcesBuildPhase section */
		992E651727F1B6EC00EF3324 /* Resources */ = {
			isa = PBXResourcesBuildPhase;
			buildActionMask = 2147483647;
			files = (
				992E652427F1B6EF00EF3324 /* Preview Assets.xcassets in Resources */,
				9963CF6A27FB4B4200110EA3 /* xylophone.mp3 in Resources */,
				992E652127F1B6EF00EF3324 /* Assets.xcassets in Resources */,
				9963CF6827FB4B3900110EA3 /* tada.mp3 in Resources */,
			);
			runOnlyForDeploymentPostprocessing = 0;
		};
/* End PBXResourcesBuildPhase section */

/* Begin PBXSourcesBuildPhase section */
		992E651527F1B6EC00EF3324 /* Sources */ = {
			isa = PBXSourcesBuildPhase;
			buildActionMask = 2147483647;
			files = (
				9963CF6C27FCB4B100110EA3 /* Haptics.swift in Sources */,
				9963CF6E28042E7B00110EA3 /* LocalNotification.swift in Sources */,
				7650715A280EBC5200D737D1 /* CoreDataRelation.swift in Sources */,
				99FE559C2807006A001602E7 /* HashableView.swift in Sources */,
				7650716128199B3F00D737D1 /* WeakSelf.swift in Sources */,
				765071AD2822DEA500D737D1 /* DownloadWithCombine.swift in Sources */,
				7650715D280EBE9400D737D1 /* CoreDataContainer.xcdatamodeld in Sources */,
				9963CF6327F9B1E300110EA3 /* MaskView.swift in Sources */,
				76507165281C043B00D737D1 /* Escaping.swift in Sources */,
				76507167281F0D8800D737D1 /* CodableProtocol.swift in Sources */,
				99FE559E280721B2001602E7 /* Arrays.swift in Sources */,
				7650715F281975A300D737D1 /* BackgroundThread.swift in Sources */,
				992E651F27F1B6EC00EF3324 /* ContentView.swift in Sources */,
				992E652D27F1C54200EF3324 /* MagnificationGesture.swift in Sources */,
				992E651D27F1B6EC00EF3324 /* SwiftUIProgressApp.swift in Sources */,
				992E652B27F1B71000EF3324 /* LongPressGesture.swift in Sources */,
				76507169282057C700D737D1 /* DownloadWithEscaping.swift in Sources */,
				992E654D27F2344300EF3324 /* DragGestureView.swift in Sources */,
				76507163281AF7D300D737D1 /* Typealias.swift in Sources */,
				765071B1282412DB00D737D1 /* Timers.swift in Sources */,
				992E655327F47D5F00EF3324 /* GeometryReaderView.swift in Sources */,
				992E655127F36E2700EF3324 /* ScroolReaderView.swift in Sources */,
				992E655527F4BB9E00EF3324 /* MultipleSheetsView.swift in Sources */,
				9963CF6527FB420F00110EA3 /* SoundsView.swift in Sources */,
				992E654F27F331F100EF3324 /* DragGestureView2.swift in Sources */,
			);
			runOnlyForDeploymentPostprocessing = 0;
		};
/* End PBXSourcesBuildPhase section */

/* Begin XCBuildConfiguration section */
		992E652527F1B6EF00EF3324 /* Debug */ = {
			isa = XCBuildConfiguration;
			buildSettings = {
				ALWAYS_SEARCH_USER_PATHS = NO;
				CLANG_ANALYZER_NONNULL = YES;
				CLANG_ANALYZER_NUMBER_OBJECT_CONVERSION = YES_AGGRESSIVE;
				CLANG_CXX_LANGUAGE_STANDARD = "gnu++17";
				CLANG_ENABLE_MODULES = YES;
				CLANG_ENABLE_OBJC_ARC = YES;
				CLANG_ENABLE_OBJC_WEAK = YES;
				CLANG_WARN_BLOCK_CAPTURE_AUTORELEASING = YES;
				CLANG_WARN_BOOL_CONVERSION = YES;
				CLANG_WARN_COMMA = YES;
				CLANG_WARN_CONSTANT_CONVERSION = YES;
				CLANG_WARN_DEPRECATED_OBJC_IMPLEMENTATIONS = YES;
				CLANG_WARN_DIRECT_OBJC_ISA_USAGE = YES_ERROR;
				CLANG_WARN_DOCUMENTATION_COMMENTS = YES;
				CLANG_WARN_EMPTY_BODY = YES;
				CLANG_WARN_ENUM_CONVERSION = YES;
				CLANG_WARN_INFINITE_RECURSION = YES;
				CLANG_WARN_INT_CONVERSION = YES;
				CLANG_WARN_NON_LITERAL_NULL_CONVERSION = YES;
				CLANG_WARN_OBJC_IMPLICIT_RETAIN_SELF = YES;
				CLANG_WARN_OBJC_LITERAL_CONVERSION = YES;
				CLANG_WARN_OBJC_ROOT_CLASS = YES_ERROR;
				CLANG_WARN_QUOTED_INCLUDE_IN_FRAMEWORK_HEADER = YES;
				CLANG_WARN_RANGE_LOOP_ANALYSIS = YES;
				CLANG_WARN_STRICT_PROTOTYPES = YES;
				CLANG_WARN_SUSPICIOUS_MOVE = YES;
				CLANG_WARN_UNGUARDED_AVAILABILITY = YES_AGGRESSIVE;
				CLANG_WARN_UNREACHABLE_CODE = YES;
				CLANG_WARN__DUPLICATE_METHOD_MATCH = YES;
				COPY_PHASE_STRIP = NO;
				DEBUG_INFORMATION_FORMAT = dwarf;
				ENABLE_STRICT_OBJC_MSGSEND = YES;
				ENABLE_TESTABILITY = YES;
				GCC_C_LANGUAGE_STANDARD = gnu11;
				GCC_DYNAMIC_NO_PIC = NO;
				GCC_NO_COMMON_BLOCKS = YES;
				GCC_OPTIMIZATION_LEVEL = 0;
				GCC_PREPROCESSOR_DEFINITIONS = (
					"DEBUG=1",
					"$(inherited)",
				);
				GCC_WARN_64_TO_32_BIT_CONVERSION = YES;
				GCC_WARN_ABOUT_RETURN_TYPE = YES_ERROR;
				GCC_WARN_UNDECLARED_SELECTOR = YES;
				GCC_WARN_UNINITIALIZED_AUTOS = YES_AGGRESSIVE;
				GCC_WARN_UNUSED_FUNCTION = YES;
				GCC_WARN_UNUSED_VARIABLE = YES;
				IPHONEOS_DEPLOYMENT_TARGET = 15.4;
				MTL_ENABLE_DEBUG_INFO = INCLUDE_SOURCE;
				MTL_FAST_MATH = YES;
				ONLY_ACTIVE_ARCH = YES;
				SDKROOT = iphoneos;
				SWIFT_ACTIVE_COMPILATION_CONDITIONS = DEBUG;
				SWIFT_OPTIMIZATION_LEVEL = "-Onone";
			};
			name = Debug;
		};
		992E652627F1B6EF00EF3324 /* Release */ = {
			isa = XCBuildConfiguration;
			buildSettings = {
				ALWAYS_SEARCH_USER_PATHS = NO;
				CLANG_ANALYZER_NONNULL = YES;
				CLANG_ANALYZER_NUMBER_OBJECT_CONVERSION = YES_AGGRESSIVE;
				CLANG_CXX_LANGUAGE_STANDARD = "gnu++17";
				CLANG_ENABLE_MODULES = YES;
				CLANG_ENABLE_OBJC_ARC = YES;
				CLANG_ENABLE_OBJC_WEAK = YES;
				CLANG_WARN_BLOCK_CAPTURE_AUTORELEASING = YES;
				CLANG_WARN_BOOL_CONVERSION = YES;
				CLANG_WARN_COMMA = YES;
				CLANG_WARN_CONSTANT_CONVERSION = YES;
				CLANG_WARN_DEPRECATED_OBJC_IMPLEMENTATIONS = YES;
				CLANG_WARN_DIRECT_OBJC_ISA_USAGE = YES_ERROR;
				CLANG_WARN_DOCUMENTATION_COMMENTS = YES;
				CLANG_WARN_EMPTY_BODY = YES;
				CLANG_WARN_ENUM_CONVERSION = YES;
				CLANG_WARN_INFINITE_RECURSION = YES;
				CLANG_WARN_INT_CONVERSION = YES;
				CLANG_WARN_NON_LITERAL_NULL_CONVERSION = YES;
				CLANG_WARN_OBJC_IMPLICIT_RETAIN_SELF = YES;
				CLANG_WARN_OBJC_LITERAL_CONVERSION = YES;
				CLANG_WARN_OBJC_ROOT_CLASS = YES_ERROR;
				CLANG_WARN_QUOTED_INCLUDE_IN_FRAMEWORK_HEADER = YES;
				CLANG_WARN_RANGE_LOOP_ANALYSIS = YES;
				CLANG_WARN_STRICT_PROTOTYPES = YES;
				CLANG_WARN_SUSPICIOUS_MOVE = YES;
				CLANG_WARN_UNGUARDED_AVAILABILITY = YES_AGGRESSIVE;
				CLANG_WARN_UNREACHABLE_CODE = YES;
				CLANG_WARN__DUPLICATE_METHOD_MATCH = YES;
				COPY_PHASE_STRIP = NO;
				DEBUG_INFORMATION_FORMAT = "dwarf-with-dsym";
				ENABLE_NS_ASSERTIONS = NO;
				ENABLE_STRICT_OBJC_MSGSEND = YES;
				GCC_C_LANGUAGE_STANDARD = gnu11;
				GCC_NO_COMMON_BLOCKS = YES;
				GCC_WARN_64_TO_32_BIT_CONVERSION = YES;
				GCC_WARN_ABOUT_RETURN_TYPE = YES_ERROR;
				GCC_WARN_UNDECLARED_SELECTOR = YES;
				GCC_WARN_UNINITIALIZED_AUTOS = YES_AGGRESSIVE;
				GCC_WARN_UNUSED_FUNCTION = YES;
				GCC_WARN_UNUSED_VARIABLE = YES;
				IPHONEOS_DEPLOYMENT_TARGET = 15.4;
				MTL_ENABLE_DEBUG_INFO = NO;
				MTL_FAST_MATH = YES;
				SDKROOT = iphoneos;
				SWIFT_COMPILATION_MODE = wholemodule;
				SWIFT_OPTIMIZATION_LEVEL = "-O";
				VALIDATE_PRODUCT = YES;
			};
			name = Release;
		};
		992E652827F1B6EF00EF3324 /* Debug */ = {
			isa = XCBuildConfiguration;
			buildSettings = {
				ASSETCATALOG_COMPILER_APPICON_NAME = AppIcon;
				ASSETCATALOG_COMPILER_GLOBAL_ACCENT_COLOR_NAME = AccentColor;
				CODE_SIGN_STYLE = Automatic;
				CURRENT_PROJECT_VERSION = 1;
				DEVELOPMENT_ASSET_PATHS = "\"SwiftUIProgress/Preview Content\"";
				ENABLE_PREVIEWS = YES;
				GENERATE_INFOPLIST_FILE = YES;
				INFOPLIST_KEY_UIApplicationSceneManifest_Generation = YES;
				INFOPLIST_KEY_UIApplicationSupportsIndirectInputEvents = YES;
				INFOPLIST_KEY_UILaunchScreen_Generation = YES;
				INFOPLIST_KEY_UISupportedInterfaceOrientations_iPad = "UIInterfaceOrientationPortrait UIInterfaceOrientationPortraitUpsideDown UIInterfaceOrientationLandscapeLeft UIInterfaceOrientationLandscapeRight";
				INFOPLIST_KEY_UISupportedInterfaceOrientations_iPhone = "UIInterfaceOrientationPortrait UIInterfaceOrientationLandscapeLeft UIInterfaceOrientationLandscapeRight";
				LD_RUNPATH_SEARCH_PATHS = (
					"$(inherited)",
					"@executable_path/Frameworks",
				);
				MARKETING_VERSION = 1.0;
				PRODUCT_BUNDLE_IDENTIFIER = CBraghes.SwiftUIProgress;
				PRODUCT_NAME = "$(TARGET_NAME)";
				SWIFT_EMIT_LOC_STRINGS = YES;
				SWIFT_VERSION = 5.0;
				TARGETED_DEVICE_FAMILY = "1,2";
			};
			name = Debug;
		};
		992E652927F1B6EF00EF3324 /* Release */ = {
			isa = XCBuildConfiguration;
			buildSettings = {
				ASSETCATALOG_COMPILER_APPICON_NAME = AppIcon;
				ASSETCATALOG_COMPILER_GLOBAL_ACCENT_COLOR_NAME = AccentColor;
				CODE_SIGN_STYLE = Automatic;
				CURRENT_PROJECT_VERSION = 1;
				DEVELOPMENT_ASSET_PATHS = "\"SwiftUIProgress/Preview Content\"";
				ENABLE_PREVIEWS = YES;
				GENERATE_INFOPLIST_FILE = YES;
				INFOPLIST_KEY_UIApplicationSceneManifest_Generation = YES;
				INFOPLIST_KEY_UIApplicationSupportsIndirectInputEvents = YES;
				INFOPLIST_KEY_UILaunchScreen_Generation = YES;
				INFOPLIST_KEY_UISupportedInterfaceOrientations_iPad = "UIInterfaceOrientationPortrait UIInterfaceOrientationPortraitUpsideDown UIInterfaceOrientationLandscapeLeft UIInterfaceOrientationLandscapeRight";
				INFOPLIST_KEY_UISupportedInterfaceOrientations_iPhone = "UIInterfaceOrientationPortrait UIInterfaceOrientationLandscapeLeft UIInterfaceOrientationLandscapeRight";
				LD_RUNPATH_SEARCH_PATHS = (
					"$(inherited)",
					"@executable_path/Frameworks",
				);
				MARKETING_VERSION = 1.0;
				PRODUCT_BUNDLE_IDENTIFIER = CBraghes.SwiftUIProgress;
				PRODUCT_NAME = "$(TARGET_NAME)";
				SWIFT_EMIT_LOC_STRINGS = YES;
				SWIFT_VERSION = 5.0;
				TARGETED_DEVICE_FAMILY = "1,2";
			};
			name = Release;
		};
/* End XCBuildConfiguration section */

/* Begin XCConfigurationList section */
		992E651427F1B6EC00EF3324 /* Build configuration list for PBXProject "SwiftUIProgress" */ = {
			isa = XCConfigurationList;
			buildConfigurations = (
				992E652527F1B6EF00EF3324 /* Debug */,
				992E652627F1B6EF00EF3324 /* Release */,
			);
			defaultConfigurationIsVisible = 0;
			defaultConfigurationName = Release;
		};
		992E652727F1B6EF00EF3324 /* Build configuration list for PBXNativeTarget "SwiftUIProgress" */ = {
			isa = XCConfigurationList;
			buildConfigurations = (
				992E652827F1B6EF00EF3324 /* Debug */,
				992E652927F1B6EF00EF3324 /* Release */,
			);
			defaultConfigurationIsVisible = 0;
			defaultConfigurationName = Release;
		};
/* End XCConfigurationList section */

/* Begin XCVersionGroup section */
		7650715B280EBE9400D737D1 /* CoreDataContainer.xcdatamodeld */ = {
			isa = XCVersionGroup;
			children = (
				7650715C280EBE9400D737D1 /* CoreDataContainer.xcdatamodel */,
			);
			currentVersion = 7650715C280EBE9400D737D1 /* CoreDataContainer.xcdatamodel */;
			path = CoreDataContainer.xcdatamodeld;
			sourceTree = "<group>";
			versionGroupType = wrapper.xcdatamodel;
		};
/* End XCVersionGroup section */
	};
	rootObject = 992E651127F1B6EC00EF3324 /* Project object */;
}
